
Microsoft Visual Studio Solution File, Format Version 12.00
# Visual Studio Version 16
VisualStudioVersion = 16.0.30204.135
MinimumVisualStudioVersion = 10.0.40219.1
Project("{9A19103F-16F7-4668-BE54-9A1E7A4F7556}") = "NotXML", "NotXML\NotXML.csproj", "{F886BE83-16E5-4110-B2EF-373E767DF441}"
EndProject
Project("{F2A71F9B-5D33-465A-A702-920D77279786}") = "NotXML.FSharp", "NotXML.FSharp\NotXML.FSharp.fsproj", "{7F37F7FC-DF11-4ABB-A6ED-C28C95452801}"
EndProject
Global
	GlobalSection(SolutionConfigurationPlatforms) = preSolution
		Debug|Any CPU = Debug|Any CPU
		Release|Any CPU = Release|Any CPU
	EndGlobalSection
	GlobalSection(ProjectConfigurationPlatforms) = postSolution
		{F886BE83-16E5-4110-B2EF-373E767DF441}.Debug|Any CPU.ActiveCfg = Debug|Any CPU
		{F886BE83-16E5-4110-B2EF-373E767DF441}.Debug|Any CPU.Build.0 = Debug|Any CPU
		{F886BE83-16E5-4110-B2EF-373E767DF441}.Release|Any CPU.ActiveCfg = Release|Any CPU
		{F886BE83-16E5-4110-B2EF-373E767DF441}.Release|Any CPU.Build.0 = Release|Any CPU
		{7F37F7FC-DF11-4ABB-A6ED-C28C95452801}.Debug|Any CPU.ActiveCfg = Debug|Any CPU
		{7F37F7FC-DF11-4ABB-A6ED-C28C95452801}.Debug|Any CPU.Build.0 = Debug|Any CPU
		{7F37F7FC-DF11-4ABB-A6ED-C28C95452801}.Release|Any CPU.ActiveCfg = Release|Any CPU
		{7F37F7FC-DF11-4ABB-A6ED-C28C95452801}.Release|Any CPU.Build.0 = Release|Any CPU
	EndGlobalSection
	GlobalSection(SolutionProperties) = preSolution
		HideSolutionNode = FALSE
	EndGlobalSection
	GlobalSection(ExtensibilityGlobals) = postSolution
		SolutionGuid = {1FE2F814-51AF-43D5-9ADE-39AA526B5754}
	EndGlobalSection
EndGlobal
